
Microsoft Visual Studio Solution File, Format Version 12.00
# Visual Studio Version 17
VisualStudioVersion = 17.9.34526.213
MinimumVisualStudioVersion = 10.0.40219.1
Project("{9A19103F-16F7-4668-BE54-9A1E7A4F7556}") = "Aron.GrassMiner", "Aron.GrassMiner\Aron.GrassMiner.csproj", "{7C0B8F8A-76CB-41B5-A07A-6ED1BDE642CC}"
EndProject
Project("{9A19103F-16F7-4668-BE54-9A1E7A4F7556}") = "Aron.GrassMiner.Manager", "Aron.GrassMiner.Manager\Aron.GrassMiner.Manager.csproj", "{1E4DE272-E003-4472-B85E-7B1BA8032AEB}"
EndProject
Global
	GlobalSection(SolutionConfigurationPlatforms) = preSolution
		Debug|Any CPU = Debug|Any CPU
		Release|Any CPU = Release|Any CPU
	EndGlobalSection
	GlobalSection(ProjectConfigurationPlatforms) = postSolution
		{7C0B8F8A-76CB-41B5-A07A-6ED1BDE642CC}.Debug|Any CPU.ActiveCfg = Debug|Any CPU
		{7C0B8F8A-76CB-41B5-A07A-6ED1BDE642CC}.Debug|Any CPU.Build.0 = Debug|Any CPU
		{7C0B8F8A-76CB-41B5-A07A-6ED1BDE642CC}.Release|Any CPU.ActiveCfg = Release|Any CPU
		{7C0B8F8A-76CB-41B5-A07A-6ED1BDE642CC}.Release|Any CPU.Build.0 = Release|Any CPU
		{1E4DE272-E003-4472-B85E-7B1BA8032AEB}.Debug|Any CPU.ActiveCfg = Debug|Any CPU
		{1E4DE272-E003-4472-B85E-7B1BA8032AEB}.Debug|Any CPU.Build.0 = Debug|Any CPU
		{1E4DE272-E003-4472-B85E-7B1BA8032AEB}.Release|Any CPU.ActiveCfg = Release|Any CPU
		{1E4DE272-E003-4472-B85E-7B1BA8032AEB}.Release|Any CPU.Build.0 = Release|Any CPU
	EndGlobalSection
	GlobalSection(SolutionProperties) = preSolution
		HideSolutionNode = FALSE
	EndGlobalSection
	GlobalSection(ExtensibilityGlobals) = postSolution
		SolutionGuid = {4D559894-901E-46A5-8654-7FBFA8DFC495}
	EndGlobalSection
EndGlobal
